
Microsoft Visual Studio Solution File, Format Version 12.00
Project("{FAE04EC0-301F-11D3-BF4B-00C04F79EFBC}") = "PathFBug", "PathFBug\PathFBug.csproj", "{DCBA904A-9520-408C-8444-6D870FB23404}"
EndProject
Global
	GlobalSection(SolutionConfigurationPlatforms) = preSolution
		Debug|Any CPU = Debug|Any CPU
		Release|Any CPU = Release|Any CPU
	EndGlobalSection
	GlobalSection(ProjectConfigurationPlatforms) = postSolution
		{DCBA904A-9520-408C-8444-6D870FB23404}.Debug|Any CPU.ActiveCfg = Debug|Any CPU
		{DCBA904A-9520-408C-8444-6D870FB23404}.Debug|Any CPU.Build.0 = Debug|Any CPU
		{DCBA904A-9520-408C-8444-6D870FB23404}.Release|Any CPU.ActiveCfg = Release|Any CPU
		{DCBA904A-9520-408C-8444-6D870FB23404}.Release|Any CPU.Build.0 = Release|Any CPU
	EndGlobalSection
EndGlobal
